// !$*UTF8*$!
{
	archiveVersion = 1;
	classes = {
	};
	objectVersion = 46;
	objects = {

/* Begin PBXBuildFile section */
		1C0EB443250B654FB709A151 /* Pods_videos_composer.framework in Frameworks */ = {isa = PBXBuildFile; fileRef = 9B1EF5491B1DB47D007CBC7C /* Pods_videos_composer.framework */; };
		352A110F93C1C54C86AAFEAB /* Pods_videos_composerUITests.framework in Frameworks */ = {isa = PBXBuildFile; fileRef = 6CF9E8639D77E69F3B0BBBD4 /* Pods_videos_composerUITests.framework */; };
		7213AB2F1F6BC6C5006960A5 /* videos-composer.swift in Sources */ = {isa = PBXBuildFile; fileRef = 7213AB2E1F6BC6C5006960A5 /* videos-composer.swift */; };
		72F1BB631F59602900A87B76 /* AppDelegate.swift in Sources */ = {isa = PBXBuildFile; fileRef = 72F1BB621F59602900A87B76 /* AppDelegate.swift */; };
		72F1BB651F59602900A87B76 /* ViewController.swift in Sources */ = {isa = PBXBuildFile; fileRef = 72F1BB641F59602900A87B76 /* ViewController.swift */; };
		72F1BB681F59602900A87B76 /* Main.storyboard in Resources */ = {isa = PBXBuildFile; fileRef = 72F1BB661F59602900A87B76 /* Main.storyboard */; };
		72F1BB6A1F59602900A87B76 /* Assets.xcassets in Resources */ = {isa = PBXBuildFile; fileRef = 72F1BB691F59602900A87B76 /* Assets.xcassets */; };
		72F1BB6D1F59602900A87B76 /* LaunchScreen.storyboard in Resources */ = {isa = PBXBuildFile; fileRef = 72F1BB6B1F59602900A87B76 /* LaunchScreen.storyboard */; };
		72F1BB781F59602900A87B76 /* videos_composerTests.swift in Sources */ = {isa = PBXBuildFile; fileRef = 72F1BB771F59602900A87B76 /* videos_composerTests.swift */; };
		72F1BB831F59602900A87B76 /* videos_composerUITests.swift in Sources */ = {isa = PBXBuildFile; fileRef = 72F1BB821F59602900A87B76 /* videos_composerUITests.swift */; };
		A1B5276704E51D2D25328034 /* Pods_videos_composerTests.framework in Frameworks */ = {isa = PBXBuildFile; fileRef = C99FC130A878FDCC3843966D /* Pods_videos_composerTests.framework */; };
/* End PBXBuildFile section */

/* Begin PBXContainerItemProxy section */
		72F1BB741F59602900A87B76 /* PBXContainerItemProxy */ = {
			isa = PBXContainerItemProxy;
			containerPortal = 72F1BB571F59602900A87B76 /* Project object */;
			proxyType = 1;
			remoteGlobalIDString = 72F1BB5E1F59602900A87B76;
			remoteInfo = "videos-composer";
		};
		72F1BB7F1F59602900A87B76 /* PBXContainerItemProxy */ = {
			isa = PBXContainerItemProxy;
			containerPortal = 72F1BB571F59602900A87B76 /* Project object */;
			proxyType = 1;
			remoteGlobalIDString = 72F1BB5E1F59602900A87B76;
			remoteInfo = "videos-composer";
		};
/* End PBXContainerItemProxy section */

/* Begin PBXFileReference section */
		08387F58DFBEED2A6CEFBC8E /* Pods-videos-composerUITests.release.xcconfig */ = {isa = PBXFileReference; includeInIndex = 1; lastKnownFileType = text.xcconfig; name = "Pods-videos-composerUITests.release.xcconfig"; path = "Pods/Target Support Files/Pods-videos-composerUITests/Pods-videos-composerUITests.release.xcconfig"; sourceTree = "<group>"; };
		6CF9E8639D77E69F3B0BBBD4 /* Pods_videos_composerUITests.framework */ = {isa = PBXFileReference; explicitFileType = wrapper.framework; includeInIndex = 0; path = Pods_videos_composerUITests.framework; sourceTree = BUILT_PRODUCTS_DIR; };
		715DE5230BE4D85441D1D843 /* Pods-videos-composer.release.xcconfig */ = {isa = PBXFileReference; includeInIndex = 1; lastKnownFileType = text.xcconfig; name = "Pods-videos-composer.release.xcconfig"; path = "Pods/Target Support Files/Pods-videos-composer/Pods-videos-composer.release.xcconfig"; sourceTree = "<group>"; };
		7213AB2E1F6BC6C5006960A5 /* videos-composer.swift */ = {isa = PBXFileReference; lastKnownFileType = sourcecode.swift; path = "videos-composer.swift"; sourceTree = "<group>"; };
		72E8DF611F8CC3C300571598 /* videos-composer-Bridging-Header.h */ = {isa = PBXFileReference; lastKnownFileType = sourcecode.c.h; path = "videos-composer-Bridging-Header.h"; sourceTree = "<group>"; };
		72F1BB5F1F59602900A87B76 /* videos-composer.app */ = {isa = PBXFileReference; explicitFileType = wrapper.application; includeInIndex = 0; path = "videos-composer.app"; sourceTree = BUILT_PRODUCTS_DIR; };
		72F1BB621F59602900A87B76 /* AppDelegate.swift */ = {isa = PBXFileReference; lastKnownFileType = sourcecode.swift; path = AppDelegate.swift; sourceTree = "<group>"; };
		72F1BB641F59602900A87B76 /* ViewController.swift */ = {isa = PBXFileReference; lastKnownFileType = sourcecode.swift; path = ViewController.swift; sourceTree = "<group>"; };
		72F1BB671F59602900A87B76 /* Base */ = {isa = PBXFileReference; lastKnownFileType = file.storyboard; name = Base; path = Base.lproj/Main.storyboard; sourceTree = "<group>"; };
		72F1BB691F59602900A87B76 /* Assets.xcassets */ = {isa = PBXFileReference; lastKnownFileType = folder.assetcatalog; path = Assets.xcassets; sourceTree = "<group>"; };
		72F1BB6C1F59602900A87B76 /* Base */ = {isa = PBXFileReference; lastKnownFileType = file.storyboard; name = Base; path = Base.lproj/LaunchScreen.storyboard; sourceTree = "<group>"; };
		72F1BB6E1F59602900A87B76 /* Info.plist */ = {isa = PBXFileReference; lastKnownFileType = text.plist.xml; path = Info.plist; sourceTree = "<group>"; };
		72F1BB731F59602900A87B76 /* videos-composerTests.xctest */ = {isa = PBXFileReference; explicitFileType = wrapper.cfbundle; includeInIndex = 0; path = "videos-composerTests.xctest"; sourceTree = BUILT_PRODUCTS_DIR; };
		72F1BB771F59602900A87B76 /* videos_composerTests.swift */ = {isa = PBXFileReference; lastKnownFileType = sourcecode.swift; path = videos_composerTests.swift; sourceTree = "<group>"; };
		72F1BB791F59602900A87B76 /* Info.plist */ = {isa = PBXFileReference; lastKnownFileType = text.plist.xml; path = Info.plist; sourceTree = "<group>"; };
		72F1BB7E1F59602900A87B76 /* videos-composerUITests.xctest */ = {isa = PBXFileReference; explicitFileType = wrapper.cfbundle; includeInIndex = 0; path = "videos-composerUITests.xctest"; sourceTree = BUILT_PRODUCTS_DIR; };
		72F1BB821F59602900A87B76 /* videos_composerUITests.swift */ = {isa = PBXFileReference; lastKnownFileType = sourcecode.swift; path = videos_composerUITests.swift; sourceTree = "<group>"; };
		72F1BB841F59602900A87B76 /* Info.plist */ = {isa = PBXFileReference; lastKnownFileType = text.plist.xml; path = Info.plist; sourceTree = "<group>"; };
		8D5D2C14F8995E71988D0E41 /* Pods-videos-composerTests.debug.xcconfig */ = {isa = PBXFileReference; includeInIndex = 1; lastKnownFileType = text.xcconfig; name = "Pods-videos-composerTests.debug.xcconfig"; path = "Pods/Target Support Files/Pods-videos-composerTests/Pods-videos-composerTests.debug.xcconfig"; sourceTree = "<group>"; };
		9B1EF5491B1DB47D007CBC7C /* Pods_videos_composer.framework */ = {isa = PBXFileReference; explicitFileType = wrapper.framework; includeInIndex = 0; path = Pods_videos_composer.framework; sourceTree = BUILT_PRODUCTS_DIR; };
		C99FC130A878FDCC3843966D /* Pods_videos_composerTests.framework */ = {isa = PBXFileReference; explicitFileType = wrapper.framework; includeInIndex = 0; path = Pods_videos_composerTests.framework; sourceTree = BUILT_PRODUCTS_DIR; };
		D3FAC3E2F423DC6E3866CB83 /* Pods-videos-composerUITests.debug.xcconfig */ = {isa = PBXFileReference; includeInIndex = 1; lastKnownFileType = text.xcconfig; name = "Pods-videos-composerUITests.debug.xcconfig"; path = "Pods/Target Support Files/Pods-videos-composerUITests/Pods-videos-composerUITests.debug.xcconfig"; sourceTree = "<group>"; };
		ED3CAEE8F0452DD5863C58C3 /* Pods-videos-composerTests.release.xcconfig */ = {isa = PBXFileReference; includeInIndex = 1; lastKnownFileType = text.xcconfig; name = "Pods-videos-composerTests.release.xcconfig"; path = "Pods/Target Support Files/Pods-videos-composerTests/Pods-videos-composerTests.release.xcconfig"; sourceTree = "<group>"; };
		FF2EF303A9395071F79FAA12 /* Pods-videos-composer.debug.xcconfig */ = {isa = PBXFileReference; includeInIndex = 1; lastKnownFileType = text.xcconfig; name = "Pods-videos-composer.debug.xcconfig"; path = "Pods/Target Support Files/Pods-videos-composer/Pods-videos-composer.debug.xcconfig"; sourceTree = "<group>"; };
/* End PBXFileReference section */

/* Begin PBXFrameworksBuildPhase section */
		72F1BB5C1F59602900A87B76 /* Frameworks */ = {
			isa = PBXFrameworksBuildPhase;
			buildActionMask = 2147483647;
			files = (
				1C0EB443250B654FB709A151 /* Pods_videos_composer.framework in Frameworks */,
			);
			runOnlyForDeploymentPostprocessing = 0;
		};
		72F1BB701F59602900A87B76 /* Frameworks */ = {
			isa = PBXFrameworksBuildPhase;
			buildActionMask = 2147483647;
			files = (
				A1B5276704E51D2D25328034 /* Pods_videos_composerTests.framework in Frameworks */,
			);
			runOnlyForDeploymentPostprocessing = 0;
		};
		72F1BB7B1F59602900A87B76 /* Frameworks */ = {
			isa = PBXFrameworksBuildPhase;
			buildActionMask = 2147483647;
			files = (
				352A110F93C1C54C86AAFEAB /* Pods_videos_composerUITests.framework in Frameworks */,
			);
			runOnlyForDeploymentPostprocessing = 0;
		};
/* End PBXFrameworksBuildPhase section */

/* Begin PBXGroup section */
		7213AB2D1F6BC690006960A5 /* core */ = {
			isa = PBXGroup;
			children = (
				7213AB2E1F6BC6C5006960A5 /* videos-composer.swift */,
			);
			path = core;
			sourceTree = "<group>";
		};
		72F1BB561F59602900A87B76 = {
			isa = PBXGroup;
			children = (
				72F1BB611F59602900A87B76 /* videos-composer */,
				72F1BB761F59602900A87B76 /* videos-composerTests */,
				72F1BB811F59602900A87B76 /* videos-composerUITests */,
				72F1BB601F59602900A87B76 /* Products */,
				D979318D7E1A7BFE869746B5 /* Pods */,
				E82FDE63EFD8310AA153B95E /* Frameworks */,
			);
			sourceTree = "<group>";
		};
		72F1BB601F59602900A87B76 /* Products */ = {
			isa = PBXGroup;
			children = (
				72F1BB5F1F59602900A87B76 /* videos-composer.app */,
				72F1BB731F59602900A87B76 /* videos-composerTests.xctest */,
				72F1BB7E1F59602900A87B76 /* videos-composerUITests.xctest */,
			);
			name = Products;
			sourceTree = "<group>";
		};
		72F1BB611F59602900A87B76 /* videos-composer */ = {
			isa = PBXGroup;
			children = (
				7213AB2D1F6BC690006960A5 /* core */,
				72F1BB621F59602900A87B76 /* AppDelegate.swift */,
				72F1BB641F59602900A87B76 /* ViewController.swift */,
				72F1BB661F59602900A87B76 /* Main.storyboard */,
				72F1BB691F59602900A87B76 /* Assets.xcassets */,
				72F1BB6B1F59602900A87B76 /* LaunchScreen.storyboard */,
				72F1BB6E1F59602900A87B76 /* Info.plist */,
				72E8DF611F8CC3C300571598 /* videos-composer-Bridging-Header.h */,
			);
			path = "videos-composer";
			sourceTree = "<group>";
		};
		72F1BB761F59602900A87B76 /* videos-composerTests */ = {
			isa = PBXGroup;
			children = (
				72F1BB771F59602900A87B76 /* videos_composerTests.swift */,
				72F1BB791F59602900A87B76 /* Info.plist */,
			);
			path = "videos-composerTests";
			sourceTree = "<group>";
		};
		72F1BB811F59602900A87B76 /* videos-composerUITests */ = {
			isa = PBXGroup;
			children = (
				72F1BB821F59602900A87B76 /* videos_composerUITests.swift */,
				72F1BB841F59602900A87B76 /* Info.plist */,
			);
			path = "videos-composerUITests";
			sourceTree = "<group>";
		};
		D979318D7E1A7BFE869746B5 /* Pods */ = {
			isa = PBXGroup;
			children = (
				FF2EF303A9395071F79FAA12 /* Pods-videos-composer.debug.xcconfig */,
				715DE5230BE4D85441D1D843 /* Pods-videos-composer.release.xcconfig */,
				8D5D2C14F8995E71988D0E41 /* Pods-videos-composerTests.debug.xcconfig */,
				ED3CAEE8F0452DD5863C58C3 /* Pods-videos-composerTests.release.xcconfig */,
				D3FAC3E2F423DC6E3866CB83 /* Pods-videos-composerUITests.debug.xcconfig */,
				08387F58DFBEED2A6CEFBC8E /* Pods-videos-composerUITests.release.xcconfig */,
			);
			name = Pods;
			sourceTree = "<group>";
		};
		E82FDE63EFD8310AA153B95E /* Frameworks */ = {
			isa = PBXGroup;
			children = (
				9B1EF5491B1DB47D007CBC7C /* Pods_videos_composer.framework */,
				C99FC130A878FDCC3843966D /* Pods_videos_composerTests.framework */,
				6CF9E8639D77E69F3B0BBBD4 /* Pods_videos_composerUITests.framework */,
			);
			name = Frameworks;
			sourceTree = "<group>";
		};
/* End PBXGroup section */

/* Begin PBXNativeTarget section */
		72F1BB5E1F59602900A87B76 /* videos-composer */ = {
			isa = PBXNativeTarget;
			buildConfigurationList = 72F1BB871F59602900A87B76 /* Build configuration list for PBXNativeTarget "videos-composer" */;
			buildPhases = (
				5B14025984013BBA404D8E7D /* [CP] Check Pods Manifest.lock */,
				72F1BB5B1F59602900A87B76 /* Sources */,
				72F1BB5C1F59602900A87B76 /* Frameworks */,
				72F1BB5D1F59602900A87B76 /* Resources */,
				57FFF865E8975E870096133C /* [CP] Embed Pods Frameworks */,
				09326FC5975D7B3B7AEBBCB1 /* [CP] Copy Pods Resources */,
			);
			buildRules = (
			);
			dependencies = (
			);
			name = "videos-composer";
			productName = "videos-composer";
			productReference = 72F1BB5F1F59602900A87B76 /* videos-composer.app */;
			productType = "com.apple.product-type.application";
		};
		72F1BB721F59602900A87B76 /* videos-composerTests */ = {
			isa = PBXNativeTarget;
			buildConfigurationList = 72F1BB8A1F59602900A87B76 /* Build configuration list for PBXNativeTarget "videos-composerTests" */;
			buildPhases = (
				D13768F4C6D5314B70473DC5 /* [CP] Check Pods Manifest.lock */,
				72F1BB6F1F59602900A87B76 /* Sources */,
				72F1BB701F59602900A87B76 /* Frameworks */,
				72F1BB711F59602900A87B76 /* Resources */,
				18FF75699451DE9DB7F790E4 /* [CP] Embed Pods Frameworks */,
				A9861F5EDF7F27E55BF99C72 /* [CP] Copy Pods Resources */,
			);
			buildRules = (
			);
			dependencies = (
				72F1BB751F59602900A87B76 /* PBXTargetDependency */,
			);
			name = "videos-composerTests";
			productName = "videos-composerTests";
			productReference = 72F1BB731F59602900A87B76 /* videos-composerTests.xctest */;
			productType = "com.apple.product-type.bundle.unit-test";
		};
		72F1BB7D1F59602900A87B76 /* videos-composerUITests */ = {
			isa = PBXNativeTarget;
			buildConfigurationList = 72F1BB8D1F59602900A87B76 /* Build configuration list for PBXNativeTarget "videos-composerUITests" */;
			buildPhases = (
				3E64C2709C8BDD7AAFC9DF0D /* [CP] Check Pods Manifest.lock */,
				72F1BB7A1F59602900A87B76 /* Sources */,
				72F1BB7B1F59602900A87B76 /* Frameworks */,
				72F1BB7C1F59602900A87B76 /* Resources */,
				F2B5B29030DDF2AA7596D969 /* [CP] Embed Pods Frameworks */,
				9EE6E9084D5CFE336C80552C /* [CP] Copy Pods Resources */,
			);
			buildRules = (
			);
			dependencies = (
				72F1BB801F59602900A87B76 /* PBXTargetDependency */,
			);
			name = "videos-composerUITests";
			productName = "videos-composerUITests";
			productReference = 72F1BB7E1F59602900A87B76 /* videos-composerUITests.xctest */;
			productType = "com.apple.product-type.bundle.ui-testing";
		};
/* End PBXNativeTarget section */

/* Begin PBXProject section */
		72F1BB571F59602900A87B76 /* Project object */ = {
			isa = PBXProject;
			attributes = {
				LastSwiftUpdateCheck = 0830;
				LastUpgradeCheck = 0900;
				ORGANIZATIONNAME = "Romain ROCHE";
				TargetAttributes = {
					72F1BB5E1F59602900A87B76 = {
						CreatedOnToolsVersion = 8.3.3;
						DevelopmentTeam = U3P6QEA4RH;
						LastSwiftMigration = 0900;
						ProvisioningStyle = Automatic;
					};
					72F1BB721F59602900A87B76 = {
						CreatedOnToolsVersion = 8.3.3;
						LastSwiftMigration = 0900;
						ProvisioningStyle = Automatic;
						TestTargetID = 72F1BB5E1F59602900A87B76;
					};
					72F1BB7D1F59602900A87B76 = {
						CreatedOnToolsVersion = 8.3.3;
						LastSwiftMigration = 0900;
						ProvisioningStyle = Automatic;
						TestTargetID = 72F1BB5E1F59602900A87B76;
					};
				};
			};
			buildConfigurationList = 72F1BB5A1F59602900A87B76 /* Build configuration list for PBXProject "videos-composer" */;
			compatibilityVersion = "Xcode 3.2";
			developmentRegion = English;
			hasScannedForEncodings = 0;
			knownRegions = (
				en,
				Base,
			);
			mainGroup = 72F1BB561F59602900A87B76;
			productRefGroup = 72F1BB601F59602900A87B76 /* Products */;
			projectDirPath = "";
			projectRoot = "";
			targets = (
				72F1BB5E1F59602900A87B76 /* videos-composer */,
				72F1BB721F59602900A87B76 /* videos-composerTests */,
				72F1BB7D1F59602900A87B76 /* videos-composerUITests */,
			);
		};
/* End PBXProject section */

/* Begin PBXResourcesBuildPhase section */
		72F1BB5D1F59602900A87B76 /* Resources */ = {
			isa = PBXResourcesBuildPhase;
			buildActionMask = 2147483647;
			files = (
				72F1BB6D1F59602900A87B76 /* LaunchScreen.storyboard in Resources */,
				72F1BB6A1F59602900A87B76 /* Assets.xcassets in Resources */,
				72F1BB681F59602900A87B76 /* Main.storyboard in Resources */,
			);
			runOnlyForDeploymentPostprocessing = 0;
		};
		72F1BB711F59602900A87B76 /* Resources */ = {
			isa = PBXResourcesBuildPhase;
			buildActionMask = 2147483647;
			files = (
			);
			runOnlyForDeploymentPostprocessing = 0;
		};
		72F1BB7C1F59602900A87B76 /* Resources */ = {
			isa = PBXResourcesBuildPhase;
			buildActionMask = 2147483647;
			files = (
			);
			runOnlyForDeploymentPostprocessing = 0;
		};
/* End PBXResourcesBuildPhase section */

/* Begin PBXShellScriptBuildPhase section */
		09326FC5975D7B3B7AEBBCB1 /* [CP] Copy Pods Resources */ = {
			isa = PBXShellScriptBuildPhase;
			buildActionMask = 2147483647;
			files = (
			);
			inputPaths = (
				"${SRCROOT}/Pods/Target Support Files/Pods-videos-composer/Pods-videos-composer-resources.sh",
				"${PODS_ROOT}/TwitterKit/iOS/TwitterKit.framework/TwitterKitResources.bundle",
				"${PODS_ROOT}/TwitterKit/iOS/TwitterKit.framework/TwitterShareExtensionUIResources.bundle",
			);
			name = "[CP] Copy Pods Resources";
			outputPaths = (
				"${TARGET_BUILD_DIR}/${UNLOCALIZED_RESOURCES_FOLDER_PATH}",
			);
			runOnlyForDeploymentPostprocessing = 0;
			shellPath = /bin/sh;
			shellScript = "\"${SRCROOT}/Pods/Target Support Files/Pods-videos-composer/Pods-videos-composer-resources.sh\"\n";
			showEnvVarsInLog = 0;
		};
		18FF75699451DE9DB7F790E4 /* [CP] Embed Pods Frameworks */ = {
			isa = PBXShellScriptBuildPhase;
			buildActionMask = 2147483647;
			files = (
			);
			inputPaths = (
			);
			name = "[CP] Embed Pods Frameworks";
			outputPaths = (
			);
			runOnlyForDeploymentPostprocessing = 0;
			shellPath = /bin/sh;
			shellScript = "\"${SRCROOT}/Pods/Target Support Files/Pods-videos-composerTests/Pods-videos-composerTests-frameworks.sh\"\n";
			showEnvVarsInLog = 0;
		};
		3E64C2709C8BDD7AAFC9DF0D /* [CP] Check Pods Manifest.lock */ = {
			isa = PBXShellScriptBuildPhase;
			buildActionMask = 2147483647;
			files = (
			);
			inputPaths = (
				"${PODS_PODFILE_DIR_PATH}/Podfile.lock",
				"${PODS_ROOT}/Manifest.lock",
			);
			name = "[CP] Check Pods Manifest.lock";
			outputPaths = (
				"$(DERIVED_FILE_DIR)/Pods-videos-composerUITests-checkManifestLockResult.txt",
			);
			runOnlyForDeploymentPostprocessing = 0;
			shellPath = /bin/sh;
			shellScript = "diff \"${PODS_PODFILE_DIR_PATH}/Podfile.lock\" \"${PODS_ROOT}/Manifest.lock\" > /dev/null\nif [ $? != 0 ] ; then\n    # print error to STDERR\n    echo \"error: The sandbox is not in sync with the Podfile.lock. Run 'pod install' or update your CocoaPods installation.\" >&2\n    exit 1\nfi\n# This output is used by Xcode 'outputs' to avoid re-running this script phase.\necho \"SUCCESS\" > \"${SCRIPT_OUTPUT_FILE_0}\"\n";
			showEnvVarsInLog = 0;
		};
		57FFF865E8975E870096133C /* [CP] Embed Pods Frameworks */ = {
			isa = PBXShellScriptBuildPhase;
			buildActionMask = 2147483647;
			files = (
			);
			inputPaths = (
			);
			name = "[CP] Embed Pods Frameworks";
			outputPaths = (
			);
			runOnlyForDeploymentPostprocessing = 0;
			shellPath = /bin/sh;
			shellScript = "\"${SRCROOT}/Pods/Target Support Files/Pods-videos-composer/Pods-videos-composer-frameworks.sh\"\n";
			showEnvVarsInLog = 0;
		};
		5B14025984013BBA404D8E7D /* [CP] Check Pods Manifest.lock */ = {
			isa = PBXShellScriptBuildPhase;
			buildActionMask = 2147483647;
			files = (
			);
			inputPaths = (
				"${PODS_PODFILE_DIR_PATH}/Podfile.lock",
				"${PODS_ROOT}/Manifest.lock",
			);
			name = "[CP] Check Pods Manifest.lock";
			outputPaths = (
				"$(DERIVED_FILE_DIR)/Pods-videos-composer-checkManifestLockResult.txt",
			);
			runOnlyForDeploymentPostprocessing = 0;
			shellPath = /bin/sh;
			shellScript = "diff \"${PODS_PODFILE_DIR_PATH}/Podfile.lock\" \"${PODS_ROOT}/Manifest.lock\" > /dev/null\nif [ $? != 0 ] ; then\n    # print error to STDERR\n    echo \"error: The sandbox is not in sync with the Podfile.lock. Run 'pod install' or update your CocoaPods installation.\" >&2\n    exit 1\nfi\n# This output is used by Xcode 'outputs' to avoid re-running this script phase.\necho \"SUCCESS\" > \"${SCRIPT_OUTPUT_FILE_0}\"\n";
			showEnvVarsInLog = 0;
		};
		9EE6E9084D5CFE336C80552C /* [CP] Copy Pods Resources */ = {
			isa = PBXShellScriptBuildPhase;
			buildActionMask = 2147483647;
			files = (
			);
			inputPaths = (
			);
			name = "[CP] Copy Pods Resources";
			outputPaths = (
			);
			runOnlyForDeploymentPostprocessing = 0;
			shellPath = /bin/sh;
			shellScript = "\"${SRCROOT}/Pods/Target Support Files/Pods-videos-composerUITests/Pods-videos-composerUITests-resources.sh\"\n";
			showEnvVarsInLog = 0;
		};
		A9861F5EDF7F27E55BF99C72 /* [CP] Copy Pods Resources */ = {
			isa = PBXShellScriptBuildPhase;
			buildActionMask = 2147483647;
			files = (
			);
			inputPaths = (
			);
			name = "[CP] Copy Pods Resources";
			outputPaths = (
			);
			runOnlyForDeploymentPostprocessing = 0;
			shellPath = /bin/sh;
			shellScript = "\"${SRCROOT}/Pods/Target Support Files/Pods-videos-composerTests/Pods-videos-composerTests-resources.sh\"\n";
			showEnvVarsInLog = 0;
		};
		D13768F4C6D5314B70473DC5 /* [CP] Check Pods Manifest.lock */ = {
			isa = PBXShellScriptBuildPhase;
			buildActionMask = 2147483647;
			files = (
			);
			inputPaths = (
				"${PODS_PODFILE_DIR_PATH}/Podfile.lock",
				"${PODS_ROOT}/Manifest.lock",
			);
			name = "[CP] Check Pods Manifest.lock";
			outputPaths = (
				"$(DERIVED_FILE_DIR)/Pods-videos-composerTests-checkManifestLockResult.txt",
			);
			runOnlyForDeploymentPostprocessing = 0;
			shellPath = /bin/sh;
			shellScript = "diff \"${PODS_PODFILE_DIR_PATH}/Podfile.lock\" \"${PODS_ROOT}/Manifest.lock\" > /dev/null\nif [ $? != 0 ] ; then\n    # print error to STDERR\n    echo \"error: The sandbox is not in sync with the Podfile.lock. Run 'pod install' or update your CocoaPods installation.\" >&2\n    exit 1\nfi\n# This output is used by Xcode 'outputs' to avoid re-running this script phase.\necho \"SUCCESS\" > \"${SCRIPT_OUTPUT_FILE_0}\"\n";
			showEnvVarsInLog = 0;
		};
		F2B5B29030DDF2AA7596D969 /* [CP] Embed Pods Frameworks */ = {
			isa = PBXShellScriptBuildPhase;
			buildActionMask = 2147483647;
			files = (
			);
			inputPaths = (
			);
			name = "[CP] Embed Pods Frameworks";
			outputPaths = (
			);
			runOnlyForDeploymentPostprocessing = 0;
			shellPath = /bin/sh;
			shellScript = "\"${SRCROOT}/Pods/Target Support Files/Pods-videos-composerUITests/Pods-videos-composerUITests-frameworks.sh\"\n";
			showEnvVarsInLog = 0;
		};
/* End PBXShellScriptBuildPhase section */

/* Begin PBXSourcesBuildPhase section */
		72F1BB5B1F59602900A87B76 /* Sources */ = {
			isa = PBXSourcesBuildPhase;
			buildActionMask = 2147483647;
			files = (
				72F1BB651F59602900A87B76 /* ViewController.swift in Sources */,
				72F1BB631F59602900A87B76 /* AppDelegate.swift in Sources */,
				7213AB2F1F6BC6C5006960A5 /* videos-composer.swift in Sources */,
			);
			runOnlyForDeploymentPostprocessing = 0;
		};
		72F1BB6F1F59602900A87B76 /* Sources */ = {
			isa = PBXSourcesBuildPhase;
			buildActionMask = 2147483647;
			files = (
				72F1BB781F59602900A87B76 /* videos_composerTests.swift in Sources */,
			);
			runOnlyForDeploymentPostprocessing = 0;
		};
		72F1BB7A1F59602900A87B76 /* Sources */ = {
			isa = PBXSourcesBuildPhase;
			buildActionMask = 2147483647;
			files = (
				72F1BB831F59602900A87B76 /* videos_composerUITests.swift in Sources */,
			);
			runOnlyForDeploymentPostprocessing = 0;
		};
/* End PBXSourcesBuildPhase section */

/* Begin PBXTargetDependency section */
		72F1BB751F59602900A87B76 /* PBXTargetDependency */ = {
			isa = PBXTargetDependency;
			target = 72F1BB5E1F59602900A87B76 /* videos-composer */;
			targetProxy = 72F1BB741F59602900A87B76 /* PBXContainerItemProxy */;
		};
		72F1BB801F59602900A87B76 /* PBXTargetDependency */ = {
			isa = PBXTargetDependency;
			target = 72F1BB5E1F59602900A87B76 /* videos-composer */;
			targetProxy = 72F1BB7F1F59602900A87B76 /* PBXContainerItemProxy */;
		};
/* End PBXTargetDependency section */

/* Begin PBXVariantGroup section */
		72F1BB661F59602900A87B76 /* Main.storyboard */ = {
			isa = PBXVariantGroup;
			children = (
				72F1BB671F59602900A87B76 /* Base */,
			);
			name = Main.storyboard;
			sourceTree = "<group>";
		};
		72F1BB6B1F59602900A87B76 /* LaunchScreen.storyboard */ = {
			isa = PBXVariantGroup;
			children = (
				72F1BB6C1F59602900A87B76 /* Base */,
			);
			name = LaunchScreen.storyboard;
			sourceTree = "<group>";
		};
/* End PBXVariantGroup section */

/* Begin XCBuildConfiguration section */
		72F1BB851F59602900A87B76 /* Debug */ = {
			isa = XCBuildConfiguration;
			buildSettings = {
				ALWAYS_SEARCH_USER_PATHS = NO;
				CLANG_ANALYZER_NONNULL = YES;
				CLANG_ANALYZER_NUMBER_OBJECT_CONVERSION = YES_AGGRESSIVE;
				CLANG_CXX_LANGUAGE_STANDARD = "gnu++0x";
				CLANG_CXX_LIBRARY = "libc++";
				CLANG_ENABLE_MODULES = YES;
				CLANG_ENABLE_OBJC_ARC = YES;
				CLANG_WARN_BLOCK_CAPTURE_AUTORELEASING = YES;
				CLANG_WARN_BOOL_CONVERSION = YES;
				CLANG_WARN_COMMA = YES;
				CLANG_WARN_CONSTANT_CONVERSION = YES;
				CLANG_WARN_DIRECT_OBJC_ISA_USAGE = YES_ERROR;
				CLANG_WARN_DOCUMENTATION_COMMENTS = YES;
				CLANG_WARN_EMPTY_BODY = YES;
				CLANG_WARN_ENUM_CONVERSION = YES;
				CLANG_WARN_INFINITE_RECURSION = YES;
				CLANG_WARN_INT_CONVERSION = YES;
				CLANG_WARN_NON_LITERAL_NULL_CONVERSION = YES;
				CLANG_WARN_OBJC_LITERAL_CONVERSION = YES;
				CLANG_WARN_OBJC_ROOT_CLASS = YES_ERROR;
				CLANG_WARN_RANGE_LOOP_ANALYSIS = YES;
				CLANG_WARN_STRICT_PROTOTYPES = YES;
				CLANG_WARN_SUSPICIOUS_MOVE = YES;
				CLANG_WARN_UNREACHABLE_CODE = YES;
				CLANG_WARN__DUPLICATE_METHOD_MATCH = YES;
				"CODE_SIGN_IDENTITY[sdk=iphoneos*]" = "iPhone Developer";
				COPY_PHASE_STRIP = NO;
				DEBUG_INFORMATION_FORMAT = dwarf;
				ENABLE_STRICT_OBJC_MSGSEND = YES;
				ENABLE_TESTABILITY = YES;
				GCC_C_LANGUAGE_STANDARD = gnu99;
				GCC_DYNAMIC_NO_PIC = NO;
				GCC_NO_COMMON_BLOCKS = YES;
				GCC_OPTIMIZATION_LEVEL = 0;
				GCC_PREPROCESSOR_DEFINITIONS = (
					"DEBUG=1",
					"$(inherited)",
				);
				GCC_WARN_64_TO_32_BIT_CONVERSION = YES;
				GCC_WARN_ABOUT_RETURN_TYPE = YES_ERROR;
				GCC_WARN_UNDECLARED_SELECTOR = YES;
				GCC_WARN_UNINITIALIZED_AUTOS = YES_AGGRESSIVE;
				GCC_WARN_UNUSED_FUNCTION = YES;
				GCC_WARN_UNUSED_VARIABLE = YES;
				IPHONEOS_DEPLOYMENT_TARGET = 10.3;
				MTL_ENABLE_DEBUG_INFO = YES;
				ONLY_ACTIVE_ARCH = YES;
				SDKROOT = iphoneos;
				SWIFT_ACTIVE_COMPILATION_CONDITIONS = DEBUG;
				SWIFT_OPTIMIZATION_LEVEL = "-Onone";
				TARGETED_DEVICE_FAMILY = "1,2";
			};
			name = Debug;
		};
		72F1BB861F59602900A87B76 /* Release */ = {
			isa = XCBuildConfiguration;
			buildSettings = {
				ALWAYS_SEARCH_USER_PATHS = NO;
				CLANG_ANALYZER_NONNULL = YES;
				CLANG_ANALYZER_NUMBER_OBJECT_CONVERSION = YES_AGGRESSIVE;
				CLANG_CXX_LANGUAGE_STANDARD = "gnu++0x";
				CLANG_CXX_LIBRARY = "libc++";
				CLANG_ENABLE_MODULES = YES;
				CLANG_ENABLE_OBJC_ARC = YES;
				CLANG_WARN_BLOCK_CAPTURE_AUTORELEASING = YES;
				CLANG_WARN_BOOL_CONVERSION = YES;
				CLANG_WARN_COMMA = YES;
				CLANG_WARN_CONSTANT_CONVERSION = YES;
				CLANG_WARN_DIRECT_OBJC_ISA_USAGE = YES_ERROR;
				CLANG_WARN_DOCUMENTATION_COMMENTS = YES;
				CLANG_WARN_EMPTY_BODY = YES;
				CLANG_WARN_ENUM_CONVERSION = YES;
				CLANG_WARN_INFINITE_RECURSION = YES;
				CLANG_WARN_INT_CONVERSION = YES;
				CLANG_WARN_NON_LITERAL_NULL_CONVERSION = YES;
				CLANG_WARN_OBJC_LITERAL_CONVERSION = YES;
				CLANG_WARN_OBJC_ROOT_CLASS = YES_ERROR;
				CLANG_WARN_RANGE_LOOP_ANALYSIS = YES;
				CLANG_WARN_STRICT_PROTOTYPES = YES;
				CLANG_WARN_SUSPICIOUS_MOVE = YES;
				CLANG_WARN_UNREACHABLE_CODE = YES;
				CLANG_WARN__DUPLICATE_METHOD_MATCH = YES;
				"CODE_SIGN_IDENTITY[sdk=iphoneos*]" = "iPhone Developer";
				COPY_PHASE_STRIP = NO;
				DEBUG_INFORMATION_FORMAT = "dwarf-with-dsym";
				ENABLE_NS_ASSERTIONS = NO;
				ENABLE_STRICT_OBJC_MSGSEND = YES;
				GCC_C_LANGUAGE_STANDARD = gnu99;
				GCC_NO_COMMON_BLOCKS = YES;
				GCC_WARN_64_TO_32_BIT_CONVERSION = YES;
				GCC_WARN_ABOUT_RETURN_TYPE = YES_ERROR;
				GCC_WARN_UNDECLARED_SELECTOR = YES;
				GCC_WARN_UNINITIALIZED_AUTOS = YES_AGGRESSIVE;
				GCC_WARN_UNUSED_FUNCTION = YES;
				GCC_WARN_UNUSED_VARIABLE = YES;
				IPHONEOS_DEPLOYMENT_TARGET = 10.3;
				MTL_ENABLE_DEBUG_INFO = NO;
				SDKROOT = iphoneos;
				SWIFT_OPTIMIZATION_LEVEL = "-Owholemodule";
				TARGETED_DEVICE_FAMILY = "1,2";
				VALIDATE_PRODUCT = YES;
			};
			name = Release;
		};
		72F1BB881F59602900A87B76 /* Debug */ = {
			isa = XCBuildConfiguration;
			baseConfigurationReference = FF2EF303A9395071F79FAA12 /* Pods-videos-composer.debug.xcconfig */;
			buildSettings = {
				ASSETCATALOG_COMPILER_APPICON_NAME = AppIcon;
				DEVELOPMENT_TEAM = U3P6QEA4RH;
				INFOPLIST_FILE = "videos-composer/Info.plist";
				LD_RUNPATH_SEARCH_PATHS = "$(inherited) @executable_path/Frameworks";
				PRODUCT_BUNDLE_IDENTIFIER = "com.romainroche.videos-composer";
				PRODUCT_NAME = "$(TARGET_NAME)";
				SWIFT_SWIFT3_OBJC_INFERENCE = Default;
				SWIFT_VERSION = 4.0;
			};
			name = Debug;
		};
		72F1BB891F59602900A87B76 /* Release */ = {
			isa = XCBuildConfiguration;
			baseConfigurationReference = 715DE5230BE4D85441D1D843 /* Pods-videos-composer.release.xcconfig */;
			buildSettings = {
				ASSETCATALOG_COMPILER_APPICON_NAME = AppIcon;
				DEVELOPMENT_TEAM = U3P6QEA4RH;
				INFOPLIST_FILE = "videos-composer/Info.plist";
				LD_RUNPATH_SEARCH_PATHS = "$(inherited) @executable_path/Frameworks";
				PRODUCT_BUNDLE_IDENTIFIER = "com.romainroche.videos-composer";
				PRODUCT_NAME = "$(TARGET_NAME)";
				SWIFT_SWIFT3_OBJC_INFERENCE = Default;
				SWIFT_VERSION = 4.0;
			};
			name = Release;
		};
		72F1BB8B1F59602900A87B76 /* Debug */ = {
			isa = XCBuildConfiguration;
			baseConfigurationReference = 8D5D2C14F8995E71988D0E41 /* Pods-videos-composerTests.debug.xcconfig */;
			buildSettings = {
				ALWAYS_EMBED_SWIFT_STANDARD_LIBRARIES = YES;
				BUNDLE_LOADER = "$(TEST_HOST)";
				INFOPLIST_FILE = "videos-composerTests/Info.plist";
				LD_RUNPATH_SEARCH_PATHS = "$(inherited) @executable_path/Frameworks @loader_path/Frameworks";
				PRODUCT_BUNDLE_IDENTIFIER = "com.romainroche.videos-composerTests";
				PRODUCT_NAME = "$(TARGET_NAME)";
				SWIFT_SWIFT3_OBJC_INFERENCE = On;
				SWIFT_VERSION = 4.0;
				TEST_HOST = "$(BUILT_PRODUCTS_DIR)/videos-composer.app/videos-composer";
			};
			name = Debug;
		};
		72F1BB8C1F59602900A87B76 /* Release */ = {
			isa = XCBuildConfiguration;
			baseConfigurationReference = ED3CAEE8F0452DD5863C58C3 /* Pods-videos-composerTests.release.xcconfig */;
			buildSettings = {
				ALWAYS_EMBED_SWIFT_STANDARD_LIBRARIES = YES;
				BUNDLE_LOADER = "$(TEST_HOST)";
				INFOPLIST_FILE = "videos-composerTests/Info.plist";
				LD_RUNPATH_SEARCH_PATHS = "$(inherited) @executable_path/Frameworks @loader_path/Frameworks";
				PRODUCT_BUNDLE_IDENTIFIER = "com.romainroche.videos-composerTests";
				PRODUCT_NAME = "$(TARGET_NAME)";
				SWIFT_SWIFT3_OBJC_INFERENCE = On;
				SWIFT_VERSION = 4.0;
				TEST_HOST = "$(BUILT_PRODUCTS_DIR)/videos-composer.app/videos-composer";
			};
			name = Release;
		};
		72F1BB8E1F59602900A87B76 /* Debug */ = {
			isa = XCBuildConfiguration;
			baseConfigurationReference = D3FAC3E2F423DC6E3866CB83 /* Pods-videos-composerUITests.debug.xcconfig */;
			buildSettings = {
				ALWAYS_EMBED_SWIFT_STANDARD_LIBRARIES = YES;
				INFOPLIST_FILE = "videos-composerUITests/Info.plist";
				LD_RUNPATH_SEARCH_PATHS = "$(inherited) @executable_path/Frameworks @loader_path/Frameworks";
				PRODUCT_BUNDLE_IDENTIFIER = "com.romainroche.videos-composerUITests";
				PRODUCT_NAME = "$(TARGET_NAME)";
				SWIFT_SWIFT3_OBJC_INFERENCE = On;
				SWIFT_VERSION = 4.0;
				TEST_TARGET_NAME = "videos-composer";
			};
			name = Debug;
		};
		72F1BB8F1F59602900A87B76 /* Release */ = {
			isa = XCBuildConfiguration;
			baseConfigurationReference = 08387F58DFBEED2A6CEFBC8E /* Pods-videos-composerUITests.release.xcconfig */;
			buildSettings = {
				ALWAYS_EMBED_SWIFT_STANDARD_LIBRARIES = YES;
				INFOPLIST_FILE = "videos-composerUITests/Info.plist";
				LD_RUNPATH_SEARCH_PATHS = "$(inherited) @executable_path/Frameworks @loader_path/Frameworks";
				PRODUCT_BUNDLE_IDENTIFIER = "com.romainroche.videos-composerUITests";
				PRODUCT_NAME = "$(TARGET_NAME)";
				SWIFT_SWIFT3_OBJC_INFERENCE = On;
				SWIFT_VERSION = 4.0;
				TEST_TARGET_NAME = "videos-composer";
			};
			name = Release;
		};
/* End XCBuildConfiguration section */

/* Begin XCConfigurationList section */
		72F1BB5A1F59602900A87B76 /* Build configuration list for PBXProject "videos-composer" */ = {
			isa = XCConfigurationList;
			buildConfigurations = (
				72F1BB851F59602900A87B76 /* Debug */,
				72F1BB861F59602900A87B76 /* Release */,
			);
			defaultConfigurationIsVisible = 0;
			defaultConfigurationName = Release;
		};
		72F1BB871F59602900A87B76 /* Build configuration list for PBXNativeTarget "videos-composer" */ = {
			isa = XCConfigurationList;
			buildConfigurations = (
				72F1BB881F59602900A87B76 /* Debug */,
				72F1BB891F59602900A87B76 /* Release */,
			);
			defaultConfigurationIsVisible = 0;
			defaultConfigurationName = Release;
		};
		72F1BB8A1F59602900A87B76 /* Build configuration list for PBXNativeTarget "videos-composerTests" */ = {
			isa = XCConfigurationList;
			buildConfigurations = (
				72F1BB8B1F59602900A87B76 /* Debug */,
				72F1BB8C1F59602900A87B76 /* Release */,
			);
			defaultConfigurationIsVisible = 0;
			defaultConfigurationName = Release;
		};
		72F1BB8D1F59602900A87B76 /* Build configuration list for PBXNativeTarget "videos-composerUITests" */ = {
			isa = XCConfigurationList;
			buildConfigurations = (
				72F1BB8E1F59602900A87B76 /* Debug */,
				72F1BB8F1F59602900A87B76 /* Release */,
			);
			defaultConfigurationIsVisible = 0;
			defaultConfigurationName = Release;
		};
/* End XCConfigurationList section */
	};
	rootObject = 72F1BB571F59602900A87B76 /* Project object */;
}
